
Microsoft Visual Studio Solution File, Format Version 12.00
# Visual Studio Version 18
VisualStudioVersion = 18.0.11205.157
MinimumVisualStudioVersion = 10.0.40219.1
Project("{FAE04EC0-301F-11D3-BF4B-00C04F79EFBC}") = "sample.gateway", "sample.gateway\sample.gateway.csproj", "{3DFF2212-CA94-1809-BA0B-D8ABFF2834F8}"
EndProject
Project("{2150E333-8FDC-42A3-9474-1A3956D46DE8}") = "config", "config", "{8690C904-C85B-411A-988F-8CFBF3818204}"
	ProjectSection(SolutionItems) = preProject
		..\.editorconfig = ..\.editorconfig
		..\Directory.Packages.props = ..\Directory.Packages.props
		..\global.json = ..\global.json
	EndProjectSection
EndProject
Project("{FAE04EC0-301F-11D3-BF4B-00C04F79EFBC}") = "sample.gateway.Tests", "sample.gateway.Tests\sample.gateway.Tests.csproj", "{07DBC09B-64C9-4D71-9E0F-FF6D12FBACAD}"
EndProject
Project("{FAE04EC0-301F-11D3-BF4B-00C04F79EFBC}") = "sample.base", "sample.base\sample.base.csproj", "{EA6643CB-00DB-4F45-9D13-B86424AECC6E}"
EndProject
Project("{2150E333-8FDC-42A3-9474-1A3956D46DE8}") = "solution", "solution", "{02E31DBB-1624-4744-AC34-694506AE9B5D}"
	ProjectSection(SolutionItems) = preProject
		..\Directory.Packages.props = ..\Directory.Packages.props
		..\LICENSE.md = ..\LICENSE.md
		..\README.md = ..\README.md
	EndProjectSection
EndProject
Global
	GlobalSection(SolutionConfigurationPlatforms) = preSolution
		Debug|Any CPU = Debug|Any CPU
		Debug|x64 = Debug|x64
		Release|Any CPU = Release|Any CPU
		Release|x64 = Release|x64
	EndGlobalSection
	GlobalSection(ProjectConfigurationPlatforms) = postSolution
		{3DFF2212-CA94-1809-BA0B-D8ABFF2834F8}.Debug|Any CPU.ActiveCfg = Debug|Any CPU
		{3DFF2212-CA94-1809-BA0B-D8ABFF2834F8}.Debug|Any CPU.Build.0 = Debug|Any CPU
		{3DFF2212-CA94-1809-BA0B-D8ABFF2834F8}.Debug|x64.ActiveCfg = Debug|x64
		{3DFF2212-CA94-1809-BA0B-D8ABFF2834F8}.Debug|x64.Build.0 = Debug|x64
		{3DFF2212-CA94-1809-BA0B-D8ABFF2834F8}.Release|Any CPU.ActiveCfg = Release|Any CPU
		{3DFF2212-CA94-1809-BA0B-D8ABFF2834F8}.Release|Any CPU.Build.0 = Release|Any CPU
		{3DFF2212-CA94-1809-BA0B-D8ABFF2834F8}.Release|x64.ActiveCfg = Release|x64
		{3DFF2212-CA94-1809-BA0B-D8ABFF2834F8}.Release|x64.Build.0 = Release|x64
		{07DBC09B-64C9-4D71-9E0F-FF6D12FBACAD}.Debug|Any CPU.ActiveCfg = Debug|Any CPU
		{07DBC09B-64C9-4D71-9E0F-FF6D12FBACAD}.Debug|Any CPU.Build.0 = Debug|Any CPU
		{07DBC09B-64C9-4D71-9E0F-FF6D12FBACAD}.Debug|x64.ActiveCfg = Debug|x64
		{07DBC09B-64C9-4D71-9E0F-FF6D12FBACAD}.Debug|x64.Build.0 = Debug|x64
		{07DBC09B-64C9-4D71-9E0F-FF6D12FBACAD}.Release|Any CPU.ActiveCfg = Release|Any CPU
		{07DBC09B-64C9-4D71-9E0F-FF6D12FBACAD}.Release|Any CPU.Build.0 = Release|Any CPU
		{07DBC09B-64C9-4D71-9E0F-FF6D12FBACAD}.Release|x64.ActiveCfg = Release|x64
		{07DBC09B-64C9-4D71-9E0F-FF6D12FBACAD}.Release|x64.Build.0 = Release|x64
		{EA6643CB-00DB-4F45-9D13-B86424AECC6E}.Debug|Any CPU.ActiveCfg = Debug|Any CPU
		{EA6643CB-00DB-4F45-9D13-B86424AECC6E}.Debug|Any CPU.Build.0 = Debug|Any CPU
		{EA6643CB-00DB-4F45-9D13-B86424AECC6E}.Debug|x64.ActiveCfg = Debug|x64
		{EA6643CB-00DB-4F45-9D13-B86424AECC6E}.Debug|x64.Build.0 = Debug|x64
		{EA6643CB-00DB-4F45-9D13-B86424AECC6E}.Release|Any CPU.ActiveCfg = Release|Any CPU
		{EA6643CB-00DB-4F45-9D13-B86424AECC6E}.Release|Any CPU.Build.0 = Release|Any CPU
		{EA6643CB-00DB-4F45-9D13-B86424AECC6E}.Release|x64.ActiveCfg = Release|x64
		{EA6643CB-00DB-4F45-9D13-B86424AECC6E}.Release|x64.Build.0 = Release|x64
	EndGlobalSection
	GlobalSection(SolutionProperties) = preSolution
		HideSolutionNode = FALSE
	EndGlobalSection
	GlobalSection(ExtensibilityGlobals) = postSolution
		SolutionGuid = {8B5C00E8-BF5E-4BF1-8495-3C548AB16611}
	EndGlobalSection
EndGlobal
